# This file is automatically @generated by Cargo.
# It is not intended for manual editing.
[[package]]
name = "codegen"
version = "0.1.1"
source = "registry+https://github.com/rust-lang/crates.io-index"
dependencies = [
 "indexmap 1.0.2 (registry+https://github.com/rust-lang/crates.io-index)",
]

[[package]]
name = "indexmap"
version = "1.0.2"
source = "registry+https://github.com/rust-lang/crates.io-index"

[[package]]
name = "swag"
version = "0.1.0"
dependencies = [
 "codegen 0.1.1 (registry+https://github.com/rust-lang/crates.io-index)",
]

[metadata]
"checksum codegen 0.1.1 (registry+https://github.com/rust-lang/crates.io-index)" = "bf02acd61125952ee148207cd411f9b73c9e218eab4b901375a82e1a443b6238"
"checksum indexmap 1.0.2 (registry+https://github.com/rust-lang/crates.io-index)" = "7e81a7c05f79578dbc15793d8b619db9ba32b4577003ef3af1a91c416798c58d"
